{
  "name": "@stella-lang/workspace",
  "lockfileVersion": 3,
  "requires": true,
  "packages": {
    "": {
      "name": "@stella-lang/workspace",
      "workspaces": [
        "js-runtime",
        "stella"
      ]
    },
    "js-runtime": {
      "name": "@stella-lang/runtime",
      "version": "0.1.0",
      "license": "MIT"
    },
    "node_modules/@stella-lang/cli": {
      "resolved": "stella",
      "link": true
    },
    "node_modules/@stella-lang/runtime": {
      "resolved": "js-runtime",
      "link": true
    },
    "stella": {
      "name": "@stella-lang/cli",
      "version": "0.1.0",
      "license": "MIT",
      "bin": {
        "stella": "index.js"
      }
    }
  }
}
