{
  "name": "@stella-lang/workspace",
  "lockfileVersion": 3,
  "requires": true,
  "packages": {
    "": {
      "name": "@stella-lang/workspace",
      "workspaces": [
        "js-runtime",
        "stellac",
        "compiler"
      ]
    },
    "compiler": {
      "name": "@stella-lang/lib-compiler",
      "devDependencies": {
        "purs-puppy": "^0.2.0"
      }
    },
    "js-runtime": {
      "name": "@stella-lang/runtime",
      "version": "0.1.0",
      "license": "MIT"
    },
    "node_modules/@stella-lang/lib-compiler": {
      "resolved": "compiler",
      "link": true
    },
    "node_modules/@stella-lang/runtime": {
      "resolved": "js-runtime",
      "link": true
    },
    "node_modules/@stella-lang/stellac": {
      "resolved": "stellac",
      "link": true
    },
    "node_modules/purs-puppy": {
      "version": "0.2.0",
      "resolved": "https://registry.npmjs.org/purs-puppy/-/purs-puppy-0.2.0.tgz",
      "integrity": "sha512-keign6iroUARULd+a+8gJPqKSAIvkb3Nc5I7oGIifLzD16a0xTPoK20QjL2MP8cePvTF+q0yGqZFMLzhb65V9g==",
      "dev": true,
      "license": "MIT",
      "bin": {
        "puppy": "dist/index.js"
      },
      "engines": {
        "node": ">=22"
      }
    },
    "stellac": {
      "name": "@stella-lang/stellac",
      "version": "0.1.0",
      "license": "MIT",
      "bin": {
        "stella": "index.js"
      }
    }
  }
}
